Microsoft Visual Studio Solution File, Format Version 11.00
# Visual Studio 2008

Project("{D0BAC7DF-D014-7444-47AF-DAA80A502822}") = "One Click Tower", "Assembly-CSharp.csproj", "{0B2F2174-F576-8712-A775-457643DFA498}"
EndProject
Global
	GlobalSection(SolutionConfigurationPlatforms) = preSolution
		Debug|Any CPU = Debug|Any CPU
		Release|Any CPU = Release|Any CPU
	EndGlobalSection
	GlobalSection(ProjectConfigurationPlatforms) = postSolution
		{0B2F2174-F576-8712-A775-457643DFA498}.Debug|Any CPU.ActiveCfg = Debug|Any CPU
		{0B2F2174-F576-8712-A775-457643DFA498}.Debug|Any CPU.Build.0 = Debug|Any CPU
		{0B2F2174-F576-8712-A775-457643DFA498}.Release|Any CPU.ActiveCfg = Release|Any CPU
		{0B2F2174-F576-8712-A775-457643DFA498}.Release|Any CPU.Build.0 = Release|Any CPU
	EndGlobalSection
	GlobalSection(SolutionProperties) = preSolution
		HideSolutionNode = FALSE
	EndGlobalSection
	GlobalSection(MonoDevelopProperties) = preSolution
		StartupItem = Assembly-CSharp.csproj
	EndGlobalSection
EndGlobal
